// !$*UTF8*$!
{
	archiveVersion = 1;
	classes = {
	};
	objectVersion = 50;
	objects = {

/* Begin PBXBuildFile section */
		A21B7D5521C52DF60067C245 /* ViewController.swift in Sources */ = {isa = PBXBuildFile; fileRef = A21B7D5421C52DF60067C245 /* ViewController.swift */; };
		A2C3E7A621C7FF66008ED973 /* bird3.png in Resources */ = {isa = PBXBuildFile; fileRef = A2C3E79C21C7FF64008ED973 /* bird3.png */; };
		A2C3E7A721C7FF66008ED973 /* bird5.png in Resources */ = {isa = PBXBuildFile; fileRef = A2C3E79D21C7FF64008ED973 /* bird5.png */; };
		A2C3E7A821C7FF66008ED973 /* bird9.png in Resources */ = {isa = PBXBuildFile; fileRef = A2C3E79E21C7FF64008ED973 /* bird9.png */; };
		A2C3E7A921C7FF66008ED973 /* bird4.png in Resources */ = {isa = PBXBuildFile; fileRef = A2C3E79F21C7FF64008ED973 /* bird4.png */; };
		A2C3E7AA21C7FF66008ED973 /* bird10.png in Resources */ = {isa = PBXBuildFile; fileRef = A2C3E7A021C7FF65008ED973 /* bird10.png */; };
		A2C3E7AB21C7FF66008ED973 /* bird6.png in Resources */ = {isa = PBXBuildFile; fileRef = A2C3E7A121C7FF65008ED973 /* bird6.png */; };
		A2C3E7AC21C7FF66008ED973 /* bird1.png in Resources */ = {isa = PBXBuildFile; fileRef = A2C3E7A221C7FF65008ED973 /* bird1.png */; };
		A2C3E7AD21C7FF66008ED973 /* bird8.png in Resources */ = {isa = PBXBuildFile; fileRef = A2C3E7A321C7FF65008ED973 /* bird8.png */; };
		A2C3E7AE21C7FF66008ED973 /* bird7.png in Resources */ = {isa = PBXBuildFile; fileRef = A2C3E7A421C7FF65008ED973 /* bird7.png */; };
		A2C3E7AF21C7FF66008ED973 /* bird2.png in Resources */ = {isa = PBXBuildFile; fileRef = A2C3E7A521C7FF66008ED973 /* bird2.png */; };
		A2D359B521BC0D740074B2F3 /* AppDelegate.swift in Sources */ = {isa = PBXBuildFile; fileRef = A2D359B421BC0D740074B2F3 /* AppDelegate.swift */; };
		A2D359BA21BC0D740074B2F3 /* Main.storyboard in Resources */ = {isa = PBXBuildFile; fileRef = A2D359B821BC0D740074B2F3 /* Main.storyboard */; };
		A2D359BC21BC0D760074B2F3 /* Assets.xcassets in Resources */ = {isa = PBXBuildFile; fileRef = A2D359BB21BC0D760074B2F3 /* Assets.xcassets */; };
		A2D359BF21BC0D760074B2F3 /* LaunchScreen.storyboard in Resources */ = {isa = PBXBuildFile; fileRef = A2D359BD21BC0D760074B2F3 /* LaunchScreen.storyboard */; };
		A2D359CA21BC0D760074B2F3 /* Myles_TestTests.swift in Sources */ = {isa = PBXBuildFile; fileRef = A2D359C921BC0D760074B2F3 /* Myles_TestTests.swift */; };
		A2D359D521BC0D760074B2F3 /* Myles_TestUITests.swift in Sources */ = {isa = PBXBuildFile; fileRef = A2D359D421BC0D760074B2F3 /* Myles_TestUITests.swift */; };
		A2D359E321BC10D60074B2F3 /* DraggedImageView.swift in Sources */ = {isa = PBXBuildFile; fileRef = A2D359E221BC10D60074B2F3 /* DraggedImageView.swift */; };
		A2D359F921BC272F0074B2F3 /* road19.png in Resources */ = {isa = PBXBuildFile; fileRef = A2D359E621BC272B0074B2F3 /* road19.png */; };
		A2D359FA21BC272F0074B2F3 /* road1.png in Resources */ = {isa = PBXBuildFile; fileRef = A2D359E721BC272C0074B2F3 /* road1.png */; };
		A2D359FB21BC272F0074B2F3 /* road17.png in Resources */ = {isa = PBXBuildFile; fileRef = A2D359E821BC272C0074B2F3 /* road17.png */; };
		A2D359FC21BC272F0074B2F3 /* road6.png in Resources */ = {isa = PBXBuildFile; fileRef = A2D359E921BC272C0074B2F3 /* road6.png */; };
		A2D359FD21BC272F0074B2F3 /* road4.png in Resources */ = {isa = PBXBuildFile; fileRef = A2D359EA21BC272C0074B2F3 /* road4.png */; };
		A2D359FE21BC272F0074B2F3 /* road11.png in Resources */ = {isa = PBXBuildFile; fileRef = A2D359EB21BC272C0074B2F3 /* road11.png */; };
		A2D359FF21BC272F0074B2F3 /* road15.png in Resources */ = {isa = PBXBuildFile; fileRef = A2D359EC21BC272C0074B2F3 /* road15.png */; };
		A2D35A0021BC272F0074B2F3 /* road18.png in Resources */ = {isa = PBXBuildFile; fileRef = A2D359ED21BC272D0074B2F3 /* road18.png */; };
		A2D35A0121BC272F0074B2F3 /* road13.png in Resources */ = {isa = PBXBuildFile; fileRef = A2D359EE21BC272D0074B2F3 /* road13.png */; };
		A2D35A0221BC272F0074B2F3 /* road9.png in Resources */ = {isa = PBXBuildFile; fileRef = A2D359EF21BC272D0074B2F3 /* road9.png */; };
		A2D35A0321BC272F0074B2F3 /* road5.png in Resources */ = {isa = PBXBuildFile; fileRef = A2D359F021BC272D0074B2F3 /* road5.png */; };
		A2D35A0421BC272F0074B2F3 /* road7.png in Resources */ = {isa = PBXBuildFile; fileRef = A2D359F121BC272D0074B2F3 /* road7.png */; };
		A2D35A0521BC272F0074B2F3 /* road10.png in Resources */ = {isa = PBXBuildFile; fileRef = A2D359F221BC272D0074B2F3 /* road10.png */; };
		A2D35A0621BC272F0074B2F3 /* road8.png in Resources */ = {isa = PBXBuildFile; fileRef = A2D359F321BC272E0074B2F3 /* road8.png */; };
		A2D35A0721BC272F0074B2F3 /* road3.png in Resources */ = {isa = PBXBuildFile; fileRef = A2D359F421BC272E0074B2F3 /* road3.png */; };
		A2D35A0821BC272F0074B2F3 /* road12.png in Resources */ = {isa = PBXBuildFile; fileRef = A2D359F521BC272E0074B2F3 /* road12.png */; };
		A2D35A0921BC272F0074B2F3 /* road14.png in Resources */ = {isa = PBXBuildFile; fileRef = A2D359F621BC272E0074B2F3 /* road14.png */; };
		A2D35A0A21BC272F0074B2F3 /* road2.png in Resources */ = {isa = PBXBuildFile; fileRef = A2D359F721BC272E0074B2F3 /* road2.png */; };
		A2D35A0B21BC272F0074B2F3 /* road16.png in Resources */ = {isa = PBXBuildFile; fileRef = A2D359F821BC272F0074B2F3 /* road16.png */; };
		A2F8391521C1523A009F41EC /* ship2.png in Resources */ = {isa = PBXBuildFile; fileRef = A2F8391121C15239009F41EC /* ship2.png */; };
		A2F8391621C1523A009F41EC /* ship1.png in Resources */ = {isa = PBXBuildFile; fileRef = A2F8391221C15239009F41EC /* ship1.png */; };
		A2F8391721C1523A009F41EC /* ship3.png in Resources */ = {isa = PBXBuildFile; fileRef = A2F8391321C15239009F41EC /* ship3.png */; };
		A2F8391821C1523A009F41EC /* ship4.png in Resources */ = {isa = PBXBuildFile; fileRef = A2F8391421C1523A009F41EC /* ship4.png */; };
/* End PBXBuildFile section */

/* Begin PBXContainerItemProxy section */
		A2D359C621BC0D760074B2F3 /* PBXContainerItemProxy */ = {
			isa = PBXContainerItemProxy;
			containerPortal = A2D359A921BC0D740074B2F3 /* Project object */;
			proxyType = 1;
			remoteGlobalIDString = A2D359B021BC0D740074B2F3;
			remoteInfo = Myles_Test;
		};
		A2D359D121BC0D760074B2F3 /* PBXContainerItemProxy */ = {
			isa = PBXContainerItemProxy;
			containerPortal = A2D359A921BC0D740074B2F3 /* Project object */;
			proxyType = 1;
			remoteGlobalIDString = A2D359B021BC0D740074B2F3;
			remoteInfo = Myles_Test;
		};
/* End PBXContainerItemProxy section */

/* Begin PBXFileReference section */
		A21B7D5421C52DF60067C245 /* ViewController.swift */ = {isa = PBXFileReference; fileEncoding = 4; lastKnownFileType = sourcecode.swift; path = ViewController.swift; sourceTree = "<group>"; };
		A2C3E79C21C7FF64008ED973 /* bird3.png */ = {isa = PBXFileReference; lastKnownFileType = image.png; path = bird3.png; sourceTree = "<group>"; };
		A2C3E79D21C7FF64008ED973 /* bird5.png */ = {isa = PBXFileReference; lastKnownFileType = image.png; path = bird5.png; sourceTree = "<group>"; };
		A2C3E79E21C7FF64008ED973 /* bird9.png */ = {isa = PBXFileReference; lastKnownFileType = image.png; path = bird9.png; sourceTree = "<group>"; };
		A2C3E79F21C7FF64008ED973 /* bird4.png */ = {isa = PBXFileReference; lastKnownFileType = image.png; path = bird4.png; sourceTree = "<group>"; };
		A2C3E7A021C7FF65008ED973 /* bird10.png */ = {isa = PBXFileReference; lastKnownFileType = image.png; path = bird10.png; sourceTree = "<group>"; };
		A2C3E7A121C7FF65008ED973 /* bird6.png */ = {isa = PBXFileReference; lastKnownFileType = image.png; path = bird6.png; sourceTree = "<group>"; };
		A2C3E7A221C7FF65008ED973 /* bird1.png */ = {isa = PBXFileReference; lastKnownFileType = image.png; path = bird1.png; sourceTree = "<group>"; };
		A2C3E7A321C7FF65008ED973 /* bird8.png */ = {isa = PBXFileReference; lastKnownFileType = image.png; path = bird8.png; sourceTree = "<group>"; };
		A2C3E7A421C7FF65008ED973 /* bird7.png */ = {isa = PBXFileReference; lastKnownFileType = image.png; path = bird7.png; sourceTree = "<group>"; };
		A2C3E7A521C7FF66008ED973 /* bird2.png */ = {isa = PBXFileReference; lastKnownFileType = image.png; path = bird2.png; sourceTree = "<group>"; };
		A2D359B121BC0D740074B2F3 /* Myles_Test.app */ = {isa = PBXFileReference; explicitFileType = wrapper.application; includeInIndex = 0; path = Myles_Test.app; sourceTree = BUILT_PRODUCTS_DIR; };
		A2D359B421BC0D740074B2F3 /* AppDelegate.swift */ = {isa = PBXFileReference; lastKnownFileType = sourcecode.swift; path = AppDelegate.swift; sourceTree = "<group>"; };
		A2D359B921BC0D740074B2F3 /* Base */ = {isa = PBXFileReference; lastKnownFileType = file.storyboard; name = Base; path = Base.lproj/Main.storyboard; sourceTree = "<group>"; };
		A2D359BB21BC0D760074B2F3 /* Assets.xcassets */ = {isa = PBXFileReference; lastKnownFileType = folder.assetcatalog; path = Assets.xcassets; sourceTree = "<group>"; };
		A2D359BE21BC0D760074B2F3 /* Base */ = {isa = PBXFileReference; lastKnownFileType = file.storyboard; name = Base; path = Base.lproj/LaunchScreen.storyboard; sourceTree = "<group>"; };
		A2D359C021BC0D760074B2F3 /* Info.plist */ = {isa = PBXFileReference; lastKnownFileType = text.plist.xml; path = Info.plist; sourceTree = "<group>"; };
		A2D359C521BC0D760074B2F3 /* Myles_TestTests.xctest */ = {isa = PBXFileReference; explicitFileType = wrapper.cfbundle; includeInIndex = 0; path = Myles_TestTests.xctest; sourceTree = BUILT_PRODUCTS_DIR; };
		A2D359C921BC0D760074B2F3 /* Myles_TestTests.swift */ = {isa = PBXFileReference; lastKnownFileType = sourcecode.swift; path = Myles_TestTests.swift; sourceTree = "<group>"; };
		A2D359CB21BC0D760074B2F3 /* Info.plist */ = {isa = PBXFileReference; lastKnownFileType = text.plist.xml; path = Info.plist; sourceTree = "<group>"; };
		A2D359D021BC0D760074B2F3 /* Myles_TestUITests.xctest */ = {isa = PBXFileReference; explicitFileType = wrapper.cfbundle; includeInIndex = 0; path = Myles_TestUITests.xctest; sourceTree = BUILT_PRODUCTS_DIR; };
		A2D359D421BC0D760074B2F3 /* Myles_TestUITests.swift */ = {isa = PBXFileReference; lastKnownFileType = sourcecode.swift; path = Myles_TestUITests.swift; sourceTree = "<group>"; };
		A2D359D621BC0D760074B2F3 /* Info.plist */ = {isa = PBXFileReference; lastKnownFileType = text.plist.xml; path = Info.plist; sourceTree = "<group>"; };
		A2D359E221BC10D60074B2F3 /* DraggedImageView.swift */ = {isa = PBXFileReference; lastKnownFileType = sourcecode.swift; name = DraggedImageView.swift; path = DraggingImage/DraggedImageView.swift; sourceTree = "<group>"; };
		A2D359E621BC272B0074B2F3 /* road19.png */ = {isa = PBXFileReference; lastKnownFileType = image.png; path = road19.png; sourceTree = "<group>"; };
		A2D359E721BC272C0074B2F3 /* road1.png */ = {isa = PBXFileReference; lastKnownFileType = image.png; path = road1.png; sourceTree = "<group>"; };
		A2D359E821BC272C0074B2F3 /* road17.png */ = {isa = PBXFileReference; lastKnownFileType = image.png; path = road17.png; sourceTree = "<group>"; };
		A2D359E921BC272C0074B2F3 /* road6.png */ = {isa = PBXFileReference; lastKnownFileType = image.png; path = road6.png; sourceTree = "<group>"; };
		A2D359EA21BC272C0074B2F3 /* road4.png */ = {isa = PBXFileReference; lastKnownFileType = image.png; path = road4.png; sourceTree = "<group>"; };
		A2D359EB21BC272C0074B2F3 /* road11.png */ = {isa = PBXFileReference; lastKnownFileType = image.png; path = road11.png; sourceTree = "<group>"; };
		A2D359EC21BC272C0074B2F3 /* road15.png */ = {isa = PBXFileReference; lastKnownFileType = image.png; path = road15.png; sourceTree = "<group>"; };
		A2D359ED21BC272D0074B2F3 /* road18.png */ = {isa = PBXFileReference; lastKnownFileType = image.png; path = road18.png; sourceTree = "<group>"; };
		A2D359EE21BC272D0074B2F3 /* road13.png */ = {isa = PBXFileReference; lastKnownFileType = image.png; path = road13.png; sourceTree = "<group>"; };
		A2D359EF21BC272D0074B2F3 /* road9.png */ = {isa = PBXFileReference; lastKnownFileType = image.png; path = road9.png; sourceTree = "<group>"; };
		A2D359F021BC272D0074B2F3 /* road5.png */ = {isa = PBXFileReference; lastKnownFileType = image.png; path = road5.png; sourceTree = "<group>"; };
		A2D359F121BC272D0074B2F3 /* road7.png */ = {isa = PBXFileReference; lastKnownFileType = image.png; path = road7.png; sourceTree = "<group>"; };
		A2D359F221BC272D0074B2F3 /* road10.png */ = {isa = PBXFileReference; lastKnownFileType = image.png; path = road10.png; sourceTree = "<group>"; };
		A2D359F321BC272E0074B2F3 /* road8.png */ = {isa = PBXFileReference; lastKnownFileType = image.png; path = road8.png; sourceTree = "<group>"; };
		A2D359F421BC272E0074B2F3 /* road3.png */ = {isa = PBXFileReference; lastKnownFileType = image.png; path = road3.png; sourceTree = "<group>"; };
		A2D359F521BC272E0074B2F3 /* road12.png */ = {isa = PBXFileReference; lastKnownFileType = image.png; path = road12.png; sourceTree = "<group>"; };
		A2D359F621BC272E0074B2F3 /* road14.png */ = {isa = PBXFileReference; lastKnownFileType = image.png; path = road14.png; sourceTree = "<group>"; };
		A2D359F721BC272E0074B2F3 /* road2.png */ = {isa = PBXFileReference; lastKnownFileType = image.png; path = road2.png; sourceTree = "<group>"; };
		A2D359F821BC272F0074B2F3 /* road16.png */ = {isa = PBXFileReference; lastKnownFileType = image.png; path = road16.png; sourceTree = "<group>"; };
		A2F8391121C15239009F41EC /* ship2.png */ = {isa = PBXFileReference; lastKnownFileType = image.png; path = ship2.png; sourceTree = "<group>"; };
		A2F8391221C15239009F41EC /* ship1.png */ = {isa = PBXFileReference; lastKnownFileType = image.png; path = ship1.png; sourceTree = "<group>"; };
		A2F8391321C15239009F41EC /* ship3.png */ = {isa = PBXFileReference; lastKnownFileType = image.png; path = ship3.png; sourceTree = "<group>"; };
		A2F8391421C1523A009F41EC /* ship4.png */ = {isa = PBXFileReference; lastKnownFileType = image.png; path = ship4.png; sourceTree = "<group>"; };
		A2F8394021C1600E009F41EC /* tree6.png */ = {isa = PBXFileReference; lastKnownFileType = image.png; path = tree6.png; sourceTree = "<group>"; };
		A2F8394121C1600E009F41EC /* tree11.png */ = {isa = PBXFileReference; lastKnownFileType = image.png; path = tree11.png; sourceTree = "<group>"; };
		A2F8394221C1600E009F41EC /* tree4.png */ = {isa = PBXFileReference; lastKnownFileType = image.png; path = tree4.png; sourceTree = "<group>"; };
		A2F8394321C1600E009F41EC /* tree2.png */ = {isa = PBXFileReference; lastKnownFileType = image.png; path = tree2.png; sourceTree = "<group>"; };
		A2F8394421C1600E009F41EC /* tree3.png */ = {isa = PBXFileReference; lastKnownFileType = image.png; path = tree3.png; sourceTree = "<group>"; };
		A2F8394521C1600E009F41EC /* tree7.png */ = {isa = PBXFileReference; lastKnownFileType = image.png; path = tree7.png; sourceTree = "<group>"; };
		A2F8394621C1600F009F41EC /* tree1.png */ = {isa = PBXFileReference; lastKnownFileType = image.png; path = tree1.png; sourceTree = "<group>"; };
		A2F8394721C1600F009F41EC /* tree5.png */ = {isa = PBXFileReference; lastKnownFileType = image.png; path = tree5.png; sourceTree = "<group>"; };
		A2F8394821C1600F009F41EC /* tree15.png */ = {isa = PBXFileReference; lastKnownFileType = image.png; path = tree15.png; sourceTree = "<group>"; };
		A2F8394921C1600F009F41EC /* tree9.png */ = {isa = PBXFileReference; lastKnownFileType = image.png; path = tree9.png; sourceTree = "<group>"; };
		A2F8394A21C1600F009F41EC /* tree17.png */ = {isa = PBXFileReference; lastKnownFileType = image.png; path = tree17.png; sourceTree = "<group>"; };
		A2F8394B21C1600F009F41EC /* tree8.png */ = {isa = PBXFileReference; lastKnownFileType = image.png; path = tree8.png; sourceTree = "<group>"; };
		A2F8394C21C16010009F41EC /* tree10.png */ = {isa = PBXFileReference; lastKnownFileType = image.png; path = tree10.png; sourceTree = "<group>"; };
		A2F8394D21C16010009F41EC /* tree12.png */ = {isa = PBXFileReference; lastKnownFileType = image.png; path = tree12.png; sourceTree = "<group>"; };
		A2F8394E21C16010009F41EC /* tree13.png */ = {isa = PBXFileReference; lastKnownFileType = image.png; path = tree13.png; sourceTree = "<group>"; };
		A2F8394F21C16010009F41EC /* tree14.png */ = {isa = PBXFileReference; lastKnownFileType = image.png; path = tree14.png; sourceTree = "<group>"; };
		A2F8395021C16010009F41EC /* tree16.png */ = {isa = PBXFileReference; lastKnownFileType = image.png; path = tree16.png; sourceTree = "<group>"; };
/* End PBXFileReference section */

/* Begin PBXFrameworksBuildPhase section */
		A2D359AE21BC0D740074B2F3 /* Frameworks */ = {
			isa = PBXFrameworksBuildPhase;
			buildActionMask = 2147483647;
			files = (
			);
			runOnlyForDeploymentPostprocessing = 0;
		};
		A2D359C221BC0D760074B2F3 /* Frameworks */ = {
			isa = PBXFrameworksBuildPhase;
			buildActionMask = 2147483647;
			files = (
			);
			runOnlyForDeploymentPostprocessing = 0;
		};
		A2D359CD21BC0D760074B2F3 /* Frameworks */ = {
			isa = PBXFrameworksBuildPhase;
			buildActionMask = 2147483647;
			files = (
			);
			runOnlyForDeploymentPostprocessing = 0;
		};
/* End PBXFrameworksBuildPhase section */

/* Begin PBXGroup section */
		A2D359A821BC0D740074B2F3 = {
			isa = PBXGroup;
			children = (
				A2D359B321BC0D740074B2F3 /* Myles_Test */,
				A2D359C821BC0D760074B2F3 /* Myles_TestTests */,
				A2D359D321BC0D760074B2F3 /* Myles_TestUITests */,
				A2D359B221BC0D740074B2F3 /* Products */,
			);
			sourceTree = "<group>";
		};
		A2D359B221BC0D740074B2F3 /* Products */ = {
			isa = PBXGroup;
			children = (
				A2D359B121BC0D740074B2F3 /* Myles_Test.app */,
				A2D359C521BC0D760074B2F3 /* Myles_TestTests.xctest */,
				A2D359D021BC0D760074B2F3 /* Myles_TestUITests.xctest */,
			);
			name = Products;
			sourceTree = "<group>";
		};
		A2D359B321BC0D740074B2F3 /* Myles_Test */ = {
			isa = PBXGroup;
			children = (
				A2F8393F21C15FF8009F41EC /* Images */,
				A2D359B421BC0D740074B2F3 /* AppDelegate.swift */,
				A2D359E221BC10D60074B2F3 /* DraggedImageView.swift */,
				A21B7D5421C52DF60067C245 /* ViewController.swift */,
				A2D359B821BC0D740074B2F3 /* Main.storyboard */,
				A2D359BB21BC0D760074B2F3 /* Assets.xcassets */,
				A2D359BD21BC0D760074B2F3 /* LaunchScreen.storyboard */,
				A2D359C021BC0D760074B2F3 /* Info.plist */,
			);
			path = Myles_Test;
			sourceTree = "<group>";
		};
		A2D359C821BC0D760074B2F3 /* Myles_TestTests */ = {
			isa = PBXGroup;
			children = (
				A2D359C921BC0D760074B2F3 /* Myles_TestTests.swift */,
				A2D359CB21BC0D760074B2F3 /* Info.plist */,
			);
			path = Myles_TestTests;
			sourceTree = "<group>";
		};
		A2D359D321BC0D760074B2F3 /* Myles_TestUITests */ = {
			isa = PBXGroup;
			children = (
				A2D359D421BC0D760074B2F3 /* Myles_TestUITests.swift */,
				A2D359D621BC0D760074B2F3 /* Info.plist */,
			);
			path = Myles_TestUITests;
			sourceTree = "<group>";
		};
		A2F8393F21C15FF8009F41EC /* Images */ = {
			isa = PBXGroup;
			children = (
				A2C3E7A221C7FF65008ED973 /* bird1.png */,
				A2C3E7A521C7FF66008ED973 /* bird2.png */,
				A2C3E79F21C7FF64008ED973 /* bird4.png */,
				A2C3E7A421C7FF65008ED973 /* bird7.png */,
				A2C3E7A121C7FF65008ED973 /* bird6.png */,
				A2C3E7A321C7FF65008ED973 /* bird8.png */,
				A2C3E79C21C7FF64008ED973 /* bird3.png */,
				A2C3E79D21C7FF64008ED973 /* bird5.png */,
				A2C3E79E21C7FF64008ED973 /* bird9.png */,
				A2C3E7A021C7FF65008ED973 /* bird10.png */,
				A2F8391221C15239009F41EC /* ship1.png */,
				A2F8391121C15239009F41EC /* ship2.png */,
				A2F8391321C15239009F41EC /* ship3.png */,
				A2F8391421C1523A009F41EC /* ship4.png */,
				A2D359E721BC272C0074B2F3 /* road1.png */,
				A2D359F721BC272E0074B2F3 /* road2.png */,
				A2D359F421BC272E0074B2F3 /* road3.png */,
				A2D359EA21BC272C0074B2F3 /* road4.png */,
				A2D359F021BC272D0074B2F3 /* road5.png */,
				A2D359E921BC272C0074B2F3 /* road6.png */,
				A2D359F121BC272D0074B2F3 /* road7.png */,
				A2D359F321BC272E0074B2F3 /* road8.png */,
				A2D359EF21BC272D0074B2F3 /* road9.png */,
				A2D359F221BC272D0074B2F3 /* road10.png */,
				A2D359EB21BC272C0074B2F3 /* road11.png */,
				A2D359F521BC272E0074B2F3 /* road12.png */,
				A2D359EE21BC272D0074B2F3 /* road13.png */,
				A2D359F621BC272E0074B2F3 /* road14.png */,
				A2D359EC21BC272C0074B2F3 /* road15.png */,
				A2D359F821BC272F0074B2F3 /* road16.png */,
				A2D359E821BC272C0074B2F3 /* road17.png */,
				A2D359ED21BC272D0074B2F3 /* road18.png */,
				A2D359E621BC272B0074B2F3 /* road19.png */,
				A2F8394621C1600F009F41EC /* tree1.png */,
				A2F8394321C1600E009F41EC /* tree2.png */,
				A2F8394421C1600E009F41EC /* tree3.png */,
				A2F8394221C1600E009F41EC /* tree4.png */,
				A2F8394721C1600F009F41EC /* tree5.png */,
				A2F8394021C1600E009F41EC /* tree6.png */,
				A2F8394521C1600E009F41EC /* tree7.png */,
				A2F8394B21C1600F009F41EC /* tree8.png */,
				A2F8394921C1600F009F41EC /* tree9.png */,
				A2F8394C21C16010009F41EC /* tree10.png */,
				A2F8394121C1600E009F41EC /* tree11.png */,
				A2F8394D21C16010009F41EC /* tree12.png */,
				A2F8394E21C16010009F41EC /* tree13.png */,
				A2F8394F21C16010009F41EC /* tree14.png */,
				A2F8394821C1600F009F41EC /* tree15.png */,
				A2F8395021C16010009F41EC /* tree16.png */,
				A2F8394A21C1600F009F41EC /* tree17.png */,
			);
			path = Images;
			sourceTree = "<group>";
		};
/* End PBXGroup section */

/* Begin PBXNativeTarget section */
		A2D359B021BC0D740074B2F3 /* Myles_Test */ = {
			isa = PBXNativeTarget;
			buildConfigurationList = A2D359D921BC0D760074B2F3 /* Build configuration list for PBXNativeTarget "Myles_Test" */;
			buildPhases = (
				A2D359AD21BC0D740074B2F3 /* Sources */,
				A2D359AE21BC0D740074B2F3 /* Frameworks */,
				A2D359AF21BC0D740074B2F3 /* Resources */,
			);
			buildRules = (
			);
			dependencies = (
			);
			name = Myles_Test;
			productName = Myles_Test;
			productReference = A2D359B121BC0D740074B2F3 /* Myles_Test.app */;
			productType = "com.apple.product-type.application";
		};
		A2D359C421BC0D760074B2F3 /* Myles_TestTests */ = {
			isa = PBXNativeTarget;
			buildConfigurationList = A2D359DC21BC0D760074B2F3 /* Build configuration list for PBXNativeTarget "Myles_TestTests" */;
			buildPhases = (
				A2D359C121BC0D760074B2F3 /* Sources */,
				A2D359C221BC0D760074B2F3 /* Frameworks */,
				A2D359C321BC0D760074B2F3 /* Resources */,
			);
			buildRules = (
			);
			dependencies = (
				A2D359C721BC0D760074B2F3 /* PBXTargetDependency */,
			);
			name = Myles_TestTests;
			productName = Myles_TestTests;
			productReference = A2D359C521BC0D760074B2F3 /* Myles_TestTests.xctest */;
			productType = "com.apple.product-type.bundle.unit-test";
		};
		A2D359CF21BC0D760074B2F3 /* Myles_TestUITests */ = {
			isa = PBXNativeTarget;
			buildConfigurationList = A2D359DF21BC0D760074B2F3 /* Build configuration list for PBXNativeTarget "Myles_TestUITests" */;
			buildPhases = (
				A2D359CC21BC0D760074B2F3 /* Sources */,
				A2D359CD21BC0D760074B2F3 /* Frameworks */,
				A2D359CE21BC0D760074B2F3 /* Resources */,
			);
			buildRules = (
			);
			dependencies = (
				A2D359D221BC0D760074B2F3 /* PBXTargetDependency */,
			);
			name = Myles_TestUITests;
			productName = Myles_TestUITests;
			productReference = A2D359D021BC0D760074B2F3 /* Myles_TestUITests.xctest */;
			productType = "com.apple.product-type.bundle.ui-testing";
		};
/* End PBXNativeTarget section */

/* Begin PBXProject section */
		A2D359A921BC0D740074B2F3 /* Project object */ = {
			isa = PBXProject;
			attributes = {
				LastSwiftUpdateCheck = 0940;
				LastUpgradeCheck = 0940;
				ORGANIZATIONNAME = mm16aft;
				TargetAttributes = {
					A2D359B021BC0D740074B2F3 = {
						CreatedOnToolsVersion = 9.4.1;
					};
					A2D359C421BC0D760074B2F3 = {
						CreatedOnToolsVersion = 9.4.1;
						TestTargetID = A2D359B021BC0D740074B2F3;
					};
					A2D359CF21BC0D760074B2F3 = {
						CreatedOnToolsVersion = 9.4.1;
						TestTargetID = A2D359B021BC0D740074B2F3;
					};
				};
			};
			buildConfigurationList = A2D359AC21BC0D740074B2F3 /* Build configuration list for PBXProject "Myles_Test" */;
			compatibilityVersion = "Xcode 9.3";
			developmentRegion = en;
			hasScannedForEncodings = 0;
			knownRegions = (
				en,
				Base,
			);
			mainGroup = A2D359A821BC0D740074B2F3;
			productRefGroup = A2D359B221BC0D740074B2F3 /* Products */;
			projectDirPath = "";
			projectRoot = "";
			targets = (
				A2D359B021BC0D740074B2F3 /* Myles_Test */,
				A2D359C421BC0D760074B2F3 /* Myles_TestTests */,
				A2D359CF21BC0D760074B2F3 /* Myles_TestUITests */,
			);
		};
/* End PBXProject section */

/* Begin PBXResourcesBuildPhase section */
		A2D359AF21BC0D740074B2F3 /* Resources */ = {
			isa = PBXResourcesBuildPhase;
			buildActionMask = 2147483647;
			files = (
				A2D359FF21BC272F0074B2F3 /* road15.png in Resources */,
				A2F8391621C1523A009F41EC /* ship1.png in Resources */,
				A2C3E7AC21C7FF66008ED973 /* bird1.png in Resources */,
				A2D35A0121BC272F0074B2F3 /* road13.png in Resources */,
				A2D359FC21BC272F0074B2F3 /* road6.png in Resources */,
				A2D35A0B21BC272F0074B2F3 /* road16.png in Resources */,
				A2D359FE21BC272F0074B2F3 /* road11.png in Resources */,
				A2C3E7AD21C7FF66008ED973 /* bird8.png in Resources */,
				A2D359BF21BC0D760074B2F3 /* LaunchScreen.storyboard in Resources */,
				A2D35A0221BC272F0074B2F3 /* road9.png in Resources */,
				A2D35A0821BC272F0074B2F3 /* road12.png in Resources */,
				A2C3E7A921C7FF66008ED973 /* bird4.png in Resources */,
				A2F8391721C1523A009F41EC /* ship3.png in Resources */,
				A2C3E7AA21C7FF66008ED973 /* bird10.png in Resources */,
				A2C3E7A821C7FF66008ED973 /* bird9.png in Resources */,
				A2D35A0321BC272F0074B2F3 /* road5.png in Resources */,
				A2D35A0521BC272F0074B2F3 /* road10.png in Resources */,
				A2F8391521C1523A009F41EC /* ship2.png in Resources */,
				A2D359FB21BC272F0074B2F3 /* road17.png in Resources */,
				A2D35A0721BC272F0074B2F3 /* road3.png in Resources */,
				A2C3E7A721C7FF66008ED973 /* bird5.png in Resources */,
				A2D359FD21BC272F0074B2F3 /* road4.png in Resources */,
				A2D35A0A21BC272F0074B2F3 /* road2.png in Resources */,
				A2D35A0421BC272F0074B2F3 /* road7.png in Resources */,
				A2D359F921BC272F0074B2F3 /* road19.png in Resources */,
				A2F8391821C1523A009F41EC /* ship4.png in Resources */,
				A2D35A0621BC272F0074B2F3 /* road8.png in Resources */,
				A2D359BC21BC0D760074B2F3 /* Assets.xcassets in Resources */,
				A2C3E7AE21C7FF66008ED973 /* bird7.png in Resources */,
				A2D35A0021BC272F0074B2F3 /* road18.png in Resources */,
				A2C3E7AB21C7FF66008ED973 /* bird6.png in Resources */,
				A2C3E7A621C7FF66008ED973 /* bird3.png in Resources */,
				A2D359FA21BC272F0074B2F3 /* road1.png in Resources */,
				A2D35A0921BC272F0074B2F3 /* road14.png in Resources */,
				A2C3E7AF21C7FF66008ED973 /* bird2.png in Resources */,
				A2D359BA21BC0D740074B2F3 /* Main.storyboard in Resources */,
			);
			runOnlyForDeploymentPostprocessing = 0;
		};
		A2D359C321BC0D760074B2F3 /* Resources */ = {
			isa = PBXResourcesBuildPhase;
			buildActionMask = 2147483647;
			files = (
			);
			runOnlyForDeploymentPostprocessing = 0;
		};
		A2D359CE21BC0D760074B2F3 /* Resources */ = {
			isa = PBXResourcesBuildPhase;
			buildActionMask = 2147483647;
			files = (
			);
			runOnlyForDeploymentPostprocessing = 0;
		};
/* End PBXResourcesBuildPhase section */

/* Begin PBXSourcesBuildPhase section */
		A2D359AD21BC0D740074B2F3 /* Sources */ = {
			isa = PBXSourcesBuildPhase;
			buildActionMask = 2147483647;
			files = (
				A21B7D5521C52DF60067C245 /* ViewController.swift in Sources */,
				A2D359E321BC10D60074B2F3 /* DraggedImageView.swift in Sources */,
				A2D359B521BC0D740074B2F3 /* AppDelegate.swift in Sources */,
			);
			runOnlyForDeploymentPostprocessing = 0;
		};
		A2D359C121BC0D760074B2F3 /* Sources */ = {
			isa = PBXSourcesBuildPhase;
			buildActionMask = 2147483647;
			files = (
				A2D359CA21BC0D760074B2F3 /* Myles_TestTests.swift in Sources */,
			);
			runOnlyForDeploymentPostprocessing = 0;
		};
		A2D359CC21BC0D760074B2F3 /* Sources */ = {
			isa = PBXSourcesBuildPhase;
			buildActionMask = 2147483647;
			files = (
				A2D359D521BC0D760074B2F3 /* Myles_TestUITests.swift in Sources */,
			);
			runOnlyForDeploymentPostprocessing = 0;
		};
/* End PBXSourcesBuildPhase section */

/* Begin PBXTargetDependency section */
		A2D359C721BC0D760074B2F3 /* PBXTargetDependency */ = {
			isa = PBXTargetDependency;
			target = A2D359B021BC0D740074B2F3 /* Myles_Test */;
			targetProxy = A2D359C621BC0D760074B2F3 /* PBXContainerItemProxy */;
		};
		A2D359D221BC0D760074B2F3 /* PBXTargetDependency */ = {
			isa = PBXTargetDependency;
			target = A2D359B021BC0D740074B2F3 /* Myles_Test */;
			targetProxy = A2D359D121BC0D760074B2F3 /* PBXContainerItemProxy */;
		};
/* End PBXTargetDependency section */

/* Begin PBXVariantGroup section */
		A2D359B821BC0D740074B2F3 /* Main.storyboard */ = {
			isa = PBXVariantGroup;
			children = (
				A2D359B921BC0D740074B2F3 /* Base */,
			);
			name = Main.storyboard;
			sourceTree = "<group>";
		};
		A2D359BD21BC0D760074B2F3 /* LaunchScreen.storyboard */ = {
			isa = PBXVariantGroup;
			children = (
				A2D359BE21BC0D760074B2F3 /* Base */,
			);
			name = LaunchScreen.storyboard;
			sourceTree = "<group>";
		};
/* End PBXVariantGroup section */

/* Begin XCBuildConfiguration section */
		A2D359D721BC0D760074B2F3 /* Debug */ = {
			isa = XCBuildConfiguration;
			buildSettings = {
				ALWAYS_SEARCH_USER_PATHS = NO;
				CLANG_ANALYZER_NONNULL = YES;
				CLANG_ANALYZER_NUMBER_OBJECT_CONVERSION = YES_AGGRESSIVE;
				CLANG_CXX_LANGUAGE_STANDARD = "gnu++14";
				CLANG_CXX_LIBRARY = "libc++";
				CLANG_ENABLE_MODULES = YES;
				CLANG_ENABLE_OBJC_ARC = YES;
				CLANG_ENABLE_OBJC_WEAK = YES;
				CLANG_WARN_BLOCK_CAPTURE_AUTORELEASING = YES;
				CLANG_WARN_BOOL_CONVERSION = YES;
				CLANG_WARN_COMMA = YES;
				CLANG_WARN_CONSTANT_CONVERSION = YES;
				CLANG_WARN_DEPRECATED_OBJC_IMPLEMENTATIONS = YES;
				CLANG_WARN_DIRECT_OBJC_ISA_USAGE = YES_ERROR;
				CLANG_WARN_DOCUMENTATION_COMMENTS = YES;
				CLANG_WARN_EMPTY_BODY = YES;
				CLANG_WARN_ENUM_CONVERSION = YES;
				CLANG_WARN_INFINITE_RECURSION = YES;
				CLANG_WARN_INT_CONVERSION = YES;
				CLANG_WARN_NON_LITERAL_NULL_CONVERSION = YES;
				CLANG_WARN_OBJC_IMPLICIT_RETAIN_SELF = YES;
				CLANG_WARN_OBJC_LITERAL_CONVERSION = YES;
				CLANG_WARN_OBJC_ROOT_CLASS = YES_ERROR;
				CLANG_WARN_RANGE_LOOP_ANALYSIS = YES;
				CLANG_WARN_STRICT_PROTOTYPES = YES;
				CLANG_WARN_SUSPICIOUS_MOVE = YES;
				CLANG_WARN_UNGUARDED_AVAILABILITY = YES_AGGRESSIVE;
				CLANG_WARN_UNREACHABLE_CODE = YES;
				CLANG_WARN__DUPLICATE_METHOD_MATCH = YES;
				CODE_SIGN_IDENTITY = "iPhone Developer";
				COPY_PHASE_STRIP = NO;
				DEBUG_INFORMATION_FORMAT = dwarf;
				ENABLE_STRICT_OBJC_MSGSEND = YES;
				ENABLE_TESTABILITY = YES;
				GCC_C_LANGUAGE_STANDARD = gnu11;
				GCC_DYNAMIC_NO_PIC = NO;
				GCC_NO_COMMON_BLOCKS = YES;
				GCC_OPTIMIZATION_LEVEL = 0;
				GCC_PREPROCESSOR_DEFINITIONS = (
					"DEBUG=1",
					"$(inherited)",
				);
				GCC_WARN_64_TO_32_BIT_CONVERSION = YES;
				GCC_WARN_ABOUT_RETURN_TYPE = YES_ERROR;
				GCC_WARN_UNDECLARED_SELECTOR = YES;
				GCC_WARN_UNINITIALIZED_AUTOS = YES_AGGRESSIVE;
				GCC_WARN_UNUSED_FUNCTION = YES;
				GCC_WARN_UNUSED_VARIABLE = YES;
				IPHONEOS_DEPLOYMENT_TARGET = 11.4;
				MTL_ENABLE_DEBUG_INFO = YES;
				ONLY_ACTIVE_ARCH = YES;
				SDKROOT = iphoneos;
				SWIFT_ACTIVE_COMPILATION_CONDITIONS = DEBUG;
				SWIFT_OPTIMIZATION_LEVEL = "-Onone";
			};
			name = Debug;
		};
		A2D359D821BC0D760074B2F3 /* Release */ = {
			isa = XCBuildConfiguration;
			buildSettings = {
				ALWAYS_SEARCH_USER_PATHS = NO;
				CLANG_ANALYZER_NONNULL = YES;
				CLANG_ANALYZER_NUMBER_OBJECT_CONVERSION = YES_AGGRESSIVE;
				CLANG_CXX_LANGUAGE_STANDARD = "gnu++14";
				CLANG_CXX_LIBRARY = "libc++";
				CLANG_ENABLE_MODULES = YES;
				CLANG_ENABLE_OBJC_ARC = YES;
				CLANG_ENABLE_OBJC_WEAK = YES;
				CLANG_WARN_BLOCK_CAPTURE_AUTORELEASING = YES;
				CLANG_WARN_BOOL_CONVERSION = YES;
				CLANG_WARN_COMMA = YES;
				CLANG_WARN_CONSTANT_CONVERSION = YES;
				CLANG_WARN_DEPRECATED_OBJC_IMPLEMENTATIONS = YES;
				CLANG_WARN_DIRECT_OBJC_ISA_USAGE = YES_ERROR;
				CLANG_WARN_DOCUMENTATION_COMMENTS = YES;
				CLANG_WARN_EMPTY_BODY = YES;
				CLANG_WARN_ENUM_CONVERSION = YES;
				CLANG_WARN_INFINITE_RECURSION = YES;
				CLANG_WARN_INT_CONVERSION = YES;
				CLANG_WARN_NON_LITERAL_NULL_CONVERSION = YES;
				CLANG_WARN_OBJC_IMPLICIT_RETAIN_SELF = YES;
				CLANG_WARN_OBJC_LITERAL_CONVERSION = YES;
				CLANG_WARN_OBJC_ROOT_CLASS = YES_ERROR;
				CLANG_WARN_RANGE_LOOP_ANALYSIS = YES;
				CLANG_WARN_STRICT_PROTOTYPES = YES;
				CLANG_WARN_SUSPICIOUS_MOVE = YES;
				CLANG_WARN_UNGUARDED_AVAILABILITY = YES_AGGRESSIVE;
				CLANG_WARN_UNREACHABLE_CODE = YES;
				CLANG_WARN__DUPLICATE_METHOD_MATCH = YES;
				CODE_SIGN_IDENTITY = "iPhone Developer";
				COPY_PHASE_STRIP = NO;
				DEBUG_INFORMATION_FORMAT = "dwarf-with-dsym";
				ENABLE_NS_ASSERTIONS = NO;
				ENABLE_STRICT_OBJC_MSGSEND = YES;
				GCC_C_LANGUAGE_STANDARD = gnu11;
				GCC_NO_COMMON_BLOCKS = YES;
				GCC_WARN_64_TO_32_BIT_CONVERSION = YES;
				GCC_WARN_ABOUT_RETURN_TYPE = YES_ERROR;
				GCC_WARN_UNDECLARED_SELECTOR = YES;
				GCC_WARN_UNINITIALIZED_AUTOS = YES_AGGRESSIVE;
				GCC_WARN_UNUSED_FUNCTION = YES;
				GCC_WARN_UNUSED_VARIABLE = YES;
				IPHONEOS_DEPLOYMENT_TARGET = 11.4;
				MTL_ENABLE_DEBUG_INFO = NO;
				SDKROOT = iphoneos;
				SWIFT_COMPILATION_MODE = wholemodule;
				SWIFT_OPTIMIZATION_LEVEL = "-O";
				VALIDATE_PRODUCT = YES;
			};
			name = Release;
		};
		A2D359DA21BC0D760074B2F3 /* Debug */ = {
			isa = XCBuildConfiguration;
			buildSettings = {
				ASSETCATALOG_COMPILER_APPICON_NAME = AppIcon;
				CODE_SIGN_STYLE = Automatic;
				INFOPLIST_FILE = Myles_Test/Info.plist;
				LD_RUNPATH_SEARCH_PATHS = (
					"$(inherited)",
					"@executable_path/Frameworks",
				);
				PRODUCT_BUNDLE_IDENTIFIER = "Blackwater.Myles-Test";
				PRODUCT_NAME = "$(TARGET_NAME)";
				SWIFT_VERSION = 4.0;
				TARGETED_DEVICE_FAMILY = "1,2";
			};
			name = Debug;
		};
		A2D359DB21BC0D760074B2F3 /* Release */ = {
			isa = XCBuildConfiguration;
			buildSettings = {
				ASSETCATALOG_COMPILER_APPICON_NAME = AppIcon;
				CODE_SIGN_STYLE = Automatic;
				INFOPLIST_FILE = Myles_Test/Info.plist;
				LD_RUNPATH_SEARCH_PATHS = (
					"$(inherited)",
					"@executable_path/Frameworks",
				);
				PRODUCT_BUNDLE_IDENTIFIER = "Blackwater.Myles-Test";
				PRODUCT_NAME = "$(TARGET_NAME)";
				SWIFT_VERSION = 4.0;
				TARGETED_DEVICE_FAMILY = "1,2";
			};
			name = Release;
		};
		A2D359DD21BC0D760074B2F3 /* Debug */ = {
			isa = XCBuildConfiguration;
			buildSettings = {
				ALWAYS_EMBED_SWIFT_STANDARD_LIBRARIES = YES;
				BUNDLE_LOADER = "$(TEST_HOST)";
				CODE_SIGN_STYLE = Automatic;
				INFOPLIST_FILE = Myles_TestTests/Info.plist;
				LD_RUNPATH_SEARCH_PATHS = (
					"$(inherited)",
					"@executable_path/Frameworks",
					"@loader_path/Frameworks",
				);
				PRODUCT_BUNDLE_IDENTIFIER = "Blackwater.Myles-TestTests";
				PRODUCT_NAME = "$(TARGET_NAME)";
				SWIFT_VERSION = 4.0;
				TARGETED_DEVICE_FAMILY = "1,2";
				TEST_HOST = "$(BUILT_PRODUCTS_DIR)/Myles_Test.app/Myles_Test";
			};
			name = Debug;
		};
		A2D359DE21BC0D760074B2F3 /* Release */ = {
			isa = XCBuildConfiguration;
			buildSettings = {
				ALWAYS_EMBED_SWIFT_STANDARD_LIBRARIES = YES;
				BUNDLE_LOADER = "$(TEST_HOST)";
				CODE_SIGN_STYLE = Automatic;
				INFOPLIST_FILE = Myles_TestTests/Info.plist;
				LD_RUNPATH_SEARCH_PATHS = (
					"$(inherited)",
					"@executable_path/Frameworks",
					"@loader_path/Frameworks",
				);
				PRODUCT_BUNDLE_IDENTIFIER = "Blackwater.Myles-TestTests";
				PRODUCT_NAME = "$(TARGET_NAME)";
				SWIFT_VERSION = 4.0;
				TARGETED_DEVICE_FAMILY = "1,2";
				TEST_HOST = "$(BUILT_PRODUCTS_DIR)/Myles_Test.app/Myles_Test";
			};
			name = Release;
		};
		A2D359E021BC0D760074B2F3 /* Debug */ = {
			isa = XCBuildConfiguration;
			buildSettings = {
				ALWAYS_EMBED_SWIFT_STANDARD_LIBRARIES = YES;
				CODE_SIGN_STYLE = Automatic;
				INFOPLIST_FILE = Myles_TestUITests/Info.plist;
				LD_RUNPATH_SEARCH_PATHS = (
					"$(inherited)",
					"@executable_path/Frameworks",
					"@loader_path/Frameworks",
				);
				PRODUCT_BUNDLE_IDENTIFIER = "Blackwater.Myles-TestUITests";
				PRODUCT_NAME = "$(TARGET_NAME)";
				SWIFT_VERSION = 4.0;
				TARGETED_DEVICE_FAMILY = "1,2";
				TEST_TARGET_NAME = Myles_Test;
			};
			name = Debug;
		};
		A2D359E121BC0D760074B2F3 /* Release */ = {
			isa = XCBuildConfiguration;
			buildSettings = {
				ALWAYS_EMBED_SWIFT_STANDARD_LIBRARIES = YES;
				CODE_SIGN_STYLE = Automatic;
				INFOPLIST_FILE = Myles_TestUITests/Info.plist;
				LD_RUNPATH_SEARCH_PATHS = (
					"$(inherited)",
					"@executable_path/Frameworks",
					"@loader_path/Frameworks",
				);
				PRODUCT_BUNDLE_IDENTIFIER = "Blackwater.Myles-TestUITests";
				PRODUCT_NAME = "$(TARGET_NAME)";
				SWIFT_VERSION = 4.0;
				TARGETED_DEVICE_FAMILY = "1,2";
				TEST_TARGET_NAME = Myles_Test;
			};
			name = Release;
		};
/* End XCBuildConfiguration section */

/* Begin XCConfigurationList section */
		A2D359AC21BC0D740074B2F3 /* Build configuration list for PBXProject "Myles_Test" */ = {
			isa = XCConfigurationList;
			buildConfigurations = (
				A2D359D721BC0D760074B2F3 /* Debug */,
				A2D359D821BC0D760074B2F3 /* Release */,
			);
			defaultConfigurationIsVisible = 0;
			defaultConfigurationName = Release;
		};
		A2D359D921BC0D760074B2F3 /* Build configuration list for PBXNativeTarget "Myles_Test" */ = {
			isa = XCConfigurationList;
			buildConfigurations = (
				A2D359DA21BC0D760074B2F3 /* Debug */,
				A2D359DB21BC0D760074B2F3 /* Release */,
			);
			defaultConfigurationIsVisible = 0;
			defaultConfigurationName = Release;
		};
		A2D359DC21BC0D760074B2F3 /* Build configuration list for PBXNativeTarget "Myles_TestTests" */ = {
			isa = XCConfigurationList;
			buildConfigurations = (
				A2D359DD21BC0D760074B2F3 /* Debug */,
				A2D359DE21BC0D760074B2F3 /* Release */,
			);
			defaultConfigurationIsVisible = 0;
			defaultConfigurationName = Release;
		};
		A2D359DF21BC0D760074B2F3 /* Build configuration list for PBXNativeTarget "Myles_TestUITests" */ = {
			isa = XCConfigurationList;
			buildConfigurations = (
				A2D359E021BC0D760074B2F3 /* Debug */,
				A2D359E121BC0D760074B2F3 /* Release */,
			);
			defaultConfigurationIsVisible = 0;
			defaultConfigurationName = Release;
		};
/* End XCConfigurationList section */
	};
	rootObject = A2D359A921BC0D740074B2F3 /* Project object */;
}
